<Solution>
    <Folder Name="/src/">
        <Project Path="src/Alethic.AspNetCore.EcmaScript/Alethic.AspNetCore.EcmaScript.csproj" />
        <Project Path="src/Alethic.AspNetCore.EcmaScript.Node/Alethic.AspNetCore.EcmaScript.Node.csproj" />
    </Folder>
    <Folder Name="/tests/">
        <Project Path="tests/Alethic.AspNetCore.EcmaScript.Node.Tests/Alethic.AspNetCore.EcmaScript.Node.Tests.csproj" />
        <Project Path="tests/Alethic.AspNetCore.EcmaScript.Tests/Alethic.AspNetCore.EcmaScript.Tests.csproj" />
    </Folder>
</Solution>
