<Solution>
    <Folder Name="/src/">
        <Project Path="src/Alethic.EcmaScript.Hosting/Alethic.EcmaScript.Hosting.csproj" />
        <Project Path="src/Alethic.EcmaScript.Hosting.Http/Alethic.EcmaScript.Hosting.Http.csproj" />
        <Project Path="src/Alethic.EcmaScript.Hosting.Node/Alethic.EcmaScript.Hosting.Node.csproj" />
        <Project Path="src/Alethic.AspNetCore.EcmaScript/Alethic.AspNetCore.EcmaScript.csproj" />
    </Folder>
    <Folder Name="/tests/">
        <Project Path="tests/Alethic.EcmaScript.Hosting.Node.Tests/Alethic.EcmaScript.Hosting.Node.Tests.csproj" />
        <Project Path="tests/Alethic.AspNetCore.EcmaScript.Tests/Alethic.AspNetCore.EcmaScript.Tests.csproj" />
    </Folder>
</Solution>
