
Microsoft Visual Studio Solution File, Format Version 12.00
# Visual Studio Version 17
VisualStudioVersion = 17.0.31912.275
MinimumVisualStudioVersion = 10.0.40219.1
Project("{2150E333-8FDC-42A3-9474-1A3956D46DE8}") = "Solution Items", "Solution Items", "{F90FB42F-C26D-41B7-A7C9-DD1619527141}"
	ProjectSection(SolutionItems) = preProject
		.editorconfig = .editorconfig
		.gitattributes = .gitattributes
		.gitignore = .gitignore
		Directory.Build.props = Directory.Build.props
		GitVersion.yml = GitVersion.yml
		global.json = global.json
		nuget.config = nuget.config
		README.md = README.md
	EndProjectSection
EndProject
Project("{2150E333-8FDC-42A3-9474-1A3956D46DE8}") = "src", "src", "{F74F1A90-6989-459B-8286-8E8FB7F0CAA9}"
EndProject
Project("{2150E333-8FDC-42A3-9474-1A3956D46DE8}") = "samples", "samples", "{FD9ADF89-9414-483B-B3F0-DCA2F545556B}"
EndProject
Project("{FAE04EC0-301F-11D3-BF4B-00C04F79EFBC}") = "Sample.Vite.Server", "samples\Sample.Vite.Server\Sample.Vite.Server.csproj", "{AFBF9C6D-D98B-4AE7-B4F7-178C8B06F13D}"
EndProject
Project("{54A90642-561A-4BB1-A94E-469ADEE60C69}") = "Sample.Vite.Client", "samples\Sample.Vite.Client\Sample.Vite.Client.esproj", "{B02211EF-9B11-40F3-A8B9-0070A633ED7D}"
EndProject
Project("{FAE04EC0-301F-11D3-BF4B-00C04F79EFBC}") = "Alethic.AspNetCore.EcmaScript.Spa.Vite", "src\Alethic.AspNetCore.EcmaScript.Spa.Vite\Alethic.AspNetCore.EcmaScript.Spa.Vite.csproj", "{82888217-30A6-46C7-BF0C-37ADFC98869C}"
EndProject
Project("{FAE04EC0-301F-11D3-BF4B-00C04F79EFBC}") = "Alethic.AspNetCore.EcmaScript.Spa", "src\Alethic.AspNetCore.EcmaScript.Spa\Alethic.AspNetCore.EcmaScript.Spa.csproj", "{1B07F486-4F50-4DD2-ACE0-EF19658C7984}"
EndProject
Project("{FAE04EC0-301F-11D3-BF4B-00C04F79EFBC}") = "Alethic.AspNetCore.EcmaScript.Spa.Abstractions", "src\Alethic.AspNetCore.EcmaScript.Spa.Abstractions\Alethic.AspNetCore.EcmaScript.Spa.Abstractions.csproj", "{4BB62E86-6C22-45C3-B958-4B00BEC5DF75}"
EndProject
Project("{54A90642-561A-4BB1-A94E-469ADEE60C69}") = "Alethic.AspNetCore.EcmaScript.Spa.Js", "src\Alethic.AspNetCore.EcmaScript.Spa.Js\Alethic.AspNetCore.EcmaScript.Spa.Js.esproj", "{3C3BF94D-F7F8-4F4A-9325-E3E703E198CD}"
EndProject
Project("{FAE04EC0-301F-11D3-BF4B-00C04F79EFBC}") = "Alethic.AspNetCore.EcmaScript.Node", "src\Alethic.AspNetCore.EcmaScript.Node\Alethic.AspNetCore.EcmaScript.Node.csproj", "{9AE5D78E-F790-4612-B2D9-7A4EE49890E6}"
EndProject
Global
	GlobalSection(SolutionConfigurationPlatforms) = preSolution
		Debug|Any CPU = Debug|Any CPU
		Release|Any CPU = Release|Any CPU
	EndGlobalSection
	GlobalSection(ProjectConfigurationPlatforms) = postSolution
		{AFBF9C6D-D98B-4AE7-B4F7-178C8B06F13D}.Debug|Any CPU.ActiveCfg = Debug|Any CPU
		{AFBF9C6D-D98B-4AE7-B4F7-178C8B06F13D}.Debug|Any CPU.Build.0 = Debug|Any CPU
		{AFBF9C6D-D98B-4AE7-B4F7-178C8B06F13D}.Release|Any CPU.ActiveCfg = Release|Any CPU
		{AFBF9C6D-D98B-4AE7-B4F7-178C8B06F13D}.Release|Any CPU.Build.0 = Release|Any CPU
		{B02211EF-9B11-40F3-A8B9-0070A633ED7D}.Debug|Any CPU.ActiveCfg = Debug|Any CPU
		{B02211EF-9B11-40F3-A8B9-0070A633ED7D}.Debug|Any CPU.Build.0 = Debug|Any CPU
		{B02211EF-9B11-40F3-A8B9-0070A633ED7D}.Debug|Any CPU.Deploy.0 = Debug|Any CPU
		{B02211EF-9B11-40F3-A8B9-0070A633ED7D}.Release|Any CPU.ActiveCfg = Release|Any CPU
		{B02211EF-9B11-40F3-A8B9-0070A633ED7D}.Release|Any CPU.Build.0 = Release|Any CPU
		{B02211EF-9B11-40F3-A8B9-0070A633ED7D}.Release|Any CPU.Deploy.0 = Release|Any CPU
		{82888217-30A6-46C7-BF0C-37ADFC98869C}.Debug|Any CPU.ActiveCfg = Debug|Any CPU
		{82888217-30A6-46C7-BF0C-37ADFC98869C}.Debug|Any CPU.Build.0 = Debug|Any CPU
		{82888217-30A6-46C7-BF0C-37ADFC98869C}.Release|Any CPU.ActiveCfg = Release|Any CPU
		{82888217-30A6-46C7-BF0C-37ADFC98869C}.Release|Any CPU.Build.0 = Release|Any CPU
		{1B07F486-4F50-4DD2-ACE0-EF19658C7984}.Debug|Any CPU.ActiveCfg = Debug|Any CPU
		{1B07F486-4F50-4DD2-ACE0-EF19658C7984}.Debug|Any CPU.Build.0 = Debug|Any CPU
		{1B07F486-4F50-4DD2-ACE0-EF19658C7984}.Release|Any CPU.ActiveCfg = Release|Any CPU
		{1B07F486-4F50-4DD2-ACE0-EF19658C7984}.Release|Any CPU.Build.0 = Release|Any CPU
		{4BB62E86-6C22-45C3-B958-4B00BEC5DF75}.Debug|Any CPU.ActiveCfg = Debug|Any CPU
		{4BB62E86-6C22-45C3-B958-4B00BEC5DF75}.Debug|Any CPU.Build.0 = Debug|Any CPU
		{4BB62E86-6C22-45C3-B958-4B00BEC5DF75}.Release|Any CPU.ActiveCfg = Release|Any CPU
		{4BB62E86-6C22-45C3-B958-4B00BEC5DF75}.Release|Any CPU.Build.0 = Release|Any CPU
		{3C3BF94D-F7F8-4F4A-9325-E3E703E198CD}.Debug|Any CPU.ActiveCfg = Debug|Any CPU
		{3C3BF94D-F7F8-4F4A-9325-E3E703E198CD}.Debug|Any CPU.Build.0 = Debug|Any CPU
		{3C3BF94D-F7F8-4F4A-9325-E3E703E198CD}.Debug|Any CPU.Deploy.0 = Debug|Any CPU
		{3C3BF94D-F7F8-4F4A-9325-E3E703E198CD}.Release|Any CPU.ActiveCfg = Release|Any CPU
		{3C3BF94D-F7F8-4F4A-9325-E3E703E198CD}.Release|Any CPU.Build.0 = Release|Any CPU
		{3C3BF94D-F7F8-4F4A-9325-E3E703E198CD}.Release|Any CPU.Deploy.0 = Release|Any CPU
		{9AE5D78E-F790-4612-B2D9-7A4EE49890E6}.Debug|Any CPU.ActiveCfg = Debug|Any CPU
		{9AE5D78E-F790-4612-B2D9-7A4EE49890E6}.Debug|Any CPU.Build.0 = Debug|Any CPU
		{9AE5D78E-F790-4612-B2D9-7A4EE49890E6}.Release|Any CPU.ActiveCfg = Release|Any CPU
		{9AE5D78E-F790-4612-B2D9-7A4EE49890E6}.Release|Any CPU.Build.0 = Release|Any CPU
	EndGlobalSection
	GlobalSection(SolutionProperties) = preSolution
		HideSolutionNode = FALSE
	EndGlobalSection
	GlobalSection(NestedProjects) = preSolution
		{AFBF9C6D-D98B-4AE7-B4F7-178C8B06F13D} = {FD9ADF89-9414-483B-B3F0-DCA2F545556B}
		{B02211EF-9B11-40F3-A8B9-0070A633ED7D} = {FD9ADF89-9414-483B-B3F0-DCA2F545556B}
		{82888217-30A6-46C7-BF0C-37ADFC98869C} = {F74F1A90-6989-459B-8286-8E8FB7F0CAA9}
		{1B07F486-4F50-4DD2-ACE0-EF19658C7984} = {F74F1A90-6989-459B-8286-8E8FB7F0CAA9}
		{4BB62E86-6C22-45C3-B958-4B00BEC5DF75} = {F74F1A90-6989-459B-8286-8E8FB7F0CAA9}
		{3C3BF94D-F7F8-4F4A-9325-E3E703E198CD} = {F74F1A90-6989-459B-8286-8E8FB7F0CAA9}
		{9AE5D78E-F790-4612-B2D9-7A4EE49890E6} = {F74F1A90-6989-459B-8286-8E8FB7F0CAA9}
	EndGlobalSection
	GlobalSection(ExtensibilityGlobals) = postSolution
		SolutionGuid = {323FA7EC-15C5-4424-9F67-63969B48B47E}
	EndGlobalSection
EndGlobal
